
Microsoft Visual Studio Solution File, Format Version 11.00
# Visual Studio 2010
Project("{8BC9CEB8-8B4A-11D0-8D11-00A0C91BC942}") = "handle3", "handle3\handle3.vcxproj", "{22FB2D25-09AE-4BB7-B4E9-E5BB6371BA2E}"
EndProject
Global
	GlobalSection(SolutionConfigurationPlatforms) = preSolution
		Debug|Win32 = Debug|Win32
		Release|Win32 = Release|Win32
	EndGlobalSection
	GlobalSection(ProjectConfigurationPlatforms) = postSolution
		{22FB2D25-09AE-4BB7-B4E9-E5BB6371BA2E}.Debug|Win32.ActiveCfg = Debug|Win32
		{22FB2D25-09AE-4BB7-B4E9-E5BB6371BA2E}.Debug|Win32.Build.0 = Debug|Win32
		{22FB2D25-09AE-4BB7-B4E9-E5BB6371BA2E}.Release|Win32.ActiveCfg = Release|Win32
		{22FB2D25-09AE-4BB7-B4E9-E5BB6371BA2E}.Release|Win32.Build.0 = Release|Win32
	EndGlobalSection
	GlobalSection(SolutionProperties) = preSolution
		HideSolutionNode = FALSE
	EndGlobalSection
EndGlobal
